
Microsoft Visual Studio Solution File, Format Version 12.00
# Visual Studio Version 17
VisualStudioVersion = 17.10.35013.160
MinimumVisualStudioVersion = 10.0.40219.1
Project("{FAE04EC0-301F-11D3-BF4B-00C04F79EFBC}") = "APP_Farmacia_Net", "APP_Farmacia_Net\APP_Farmacia_Net.csproj", "{D134A076-1B03-4494-B7A6-9912EF38D724}"
EndProject
Global
	GlobalSection(SolutionConfigurationPlatforms) = preSolution
		Debug|Any CPU = Debug|Any CPU
		Release|Any CPU = Release|Any CPU
	EndGlobalSection
	GlobalSection(ProjectConfigurationPlatforms) = postSolution
		{D134A076-1B03-4494-B7A6-9912EF38D724}.Debug|Any CPU.ActiveCfg = Debug|Any CPU
		{D134A076-1B03-4494-B7A6-9912EF38D724}.Debug|Any CPU.Build.0 = Debug|Any CPU
		{D134A076-1B03-4494-B7A6-9912EF38D724}.Release|Any CPU.ActiveCfg = Release|Any CPU
		{D134A076-1B03-4494-B7A6-9912EF38D724}.Release|Any CPU.Build.0 = Release|Any CPU
	EndGlobalSection
	GlobalSection(SolutionProperties) = preSolution
		HideSolutionNode = FALSE
	EndGlobalSection
	GlobalSection(ExtensibilityGlobals) = postSolution
		SolutionGuid = {4CE8DF3A-0CE0-4386-BE3B-4C64781383EF}
	EndGlobalSection
EndGlobal
